# THIS IS AN AUTOGENERATED FILE. DO NOT EDIT THIS FILE DIRECTLY.
# yarn lockfile v1


"@dreamworld/dw-form@^1.0.2":
  version "1.0.2"
  resolved "https://registry.yarnpkg.com/@dreamworld/dw-form/-/dw-form-1.0.2.tgz#0e444c169d13d641605acf6005cde836a7b253a3"
  integrity sha512-Z9AMB5hjB9qi7TlHlIBwa0lGbWsbrGj43pGmZJtV8TrzCD6u2yea1adRbmf+266/bbgCa+jpScz6sFopBXEdqg==
  dependencies:
    "@material/mwc-formfield" "^0.6.0"
    lit-element "^2.0.1"

"@dreamworld/dw-icon-button@^1.1.0":
  version "1.1.0"
  resolved "https://registry.yarnpkg.com/@dreamworld/dw-icon-button/-/dw-icon-button-1.1.0.tgz#80a02af19dac35b0ab41260d46430ee162bdc2f1"
  integrity sha512-HnND43+ar8GUwSKvEkUY81Uvd5wO5g9yyEt7mK+VFKa6mrDIhOFYWin/oHiKEBfjf2RYShue78Hz5jFAXl6maQ==
  dependencies:
    "@dreamworld/dw-icon" "^1.0.0"
    "@dreamworld/dw-ripple" "^1.0.0"
    "@dreamworld/flex-layout" "^1.0.0"
    lit-element "^2.2.0"

"@dreamworld/dw-icon@^1.0.0", "@dreamworld/dw-icon@^1.0.1":
  version "1.0.1"
  resolved "https://registry.yarnpkg.com/@dreamworld/dw-icon/-/dw-icon-1.0.1.tgz#604b02a7a08c75f722d110d50e8a9db7a12adb10"
  integrity sha512-wnq87wGp/lJrn5wv9AciMu/IjXh49YexgNJAzWALD0xAX1bhahkpWrn6mjRy4QucMZlGiO7je6EIO7OZRYNhNw==
  dependencies:
    "@material/mwc-icon" "^0.6.0"
    lit-element "^2.2.0"

"@dreamworld/dw-ripple@^1.0.0":
  version "1.1.0"
  resolved "https://registry.yarnpkg.com/@dreamworld/dw-ripple/-/dw-ripple-1.1.0.tgz#d05c260611a45ffd68a970fd9de061fc4d325208"
  integrity sha512-MfQ4eoIW3fFrpCtsgrvMOEFUQVQ917BBg7TvJ7umton3QlZ1nWiP4LagnXU/4fclnqkla61E/AX0KK2jO6OM2w==
  dependencies:
    "@material/mwc-ripple" "^0.7.1"
    lit-element "^2.2.0"

"@dreamworld/flex-layout@^1.0.0":
  version "1.0.0"
  resolved "https://registry.yarnpkg.com/@dreamworld/flex-layout/-/flex-layout-1.0.0.tgz#d4ec536cb80c68b4cbf4e424c062d8f4ee9cb073"
  integrity sha512-IYeXlH+BNmbue0wMiGJj62YoyEvQzM1Ex9WMaaML1f8XflBqAY2M4ZHemD/CWRVcwlFyrPh3OswoflRGuCQbLg==
  dependencies:
    lit-element "^2.1.0"

"@dreamworld/material-styles@1.0.1":
  version "1.0.1"
  resolved "https://registry.yarnpkg.com/@dreamworld/material-styles/-/material-styles-1.0.1.tgz#eda8bb52f97c326a9f733c1fa01a5ee93c77b813"
  integrity sha512-HehstQ3gcQEWpyRxRj+VRXm07/0ilaW8gjVMNkbBEci2qcF3OQP1G8cZq6w+Eks2Foan1uUljUd1VRilPNuypw==
  dependencies:
    "@polymer/font-roboto" "^3.0.2"
    lit-element "^2.2.0"

"@material/animation@^1.0.0", "@material/animation@^3.1.0":
  version "3.1.0"
  resolved "https://registry.yarnpkg.com/@material/animation/-/animation-3.1.0.tgz#ab04e7c2e92ab370a2b28d12af1b88538d23014f"
  integrity sha512-ZfP95awrPBLhpaCTPNx+xKYPp2D88fzf5p5YNVp6diUAGRpq3g12Aq7qJfIHDXAFo5CtrYhgOKRqIKxUVcFisQ==
  dependencies:
    tslib "^1.9.3"

"@material/base@3.1.0", "@material/base@^1.0.0", "@material/base@^3.0.0", "@material/base@^3.1.0":
  version "3.1.0"
  resolved "https://registry.yarnpkg.com/@material/base/-/base-3.1.0.tgz#ab933896ab6390d4e1d2f9797b74a90f47db272a"
  integrity sha512-pWEBHyPrMV3rdnjqWWH96h5t3MxQI6V1J9jOor+UBG7bXQtr6InTabTqhz5CLY7r+qZU8YvNh2OKIy8heP0cyQ==
  dependencies:
    tslib "^1.9.3"

"@material/dom@^1.1.0", "@material/dom@^3.1.0":
  version "3.1.0"
  resolved "https://registry.yarnpkg.com/@material/dom/-/dom-3.1.0.tgz#1e58cad0cd5e1d9d6f6cb07422e327ad34a9d405"
  integrity sha512-RtBLSkrBjMfHwknaGBifAIC8cBWF9pXjz2IYqfI2braB6SfQI4vhdJviwyiA5BmA/psn3cKpBUZbHI0ym0O0SQ==
  dependencies:
    tslib "^1.9.3"

"@material/feature-targeting@^0.44.1", "@material/feature-targeting@^3.1.0":
  version "3.1.0"
  resolved "https://registry.yarnpkg.com/@material/feature-targeting/-/feature-targeting-3.1.0.tgz#a6f6cacd1e0c9b60dc82f2f3bb2de8cfd472252b"
  integrity sha512-aXAa1Pv6w32URacE9LfMsl9zI6hFwx1K0Lp3Xpyf4rAkmaAB6z0gOkhicOrVFc0f64YheJgHjE7hJFieVenQdw==

"@material/form-field@^1.0.0":
  version "1.1.0"
  resolved "https://registry.yarnpkg.com/@material/form-field/-/form-field-1.1.0.tgz#4def529d10c416840bdfe5988a320b8c491e7cc1"
  integrity sha512-/m382G90rctenVAbPwTzAVtQGm9Bjnnvde03WPijFE6kirczi6pJWns+cFtN///e5nUc5fhBwNdpEnJmoUYvQg==
  dependencies:
    "@material/base" "^1.0.0"
    "@material/feature-targeting" "^0.44.1"
    "@material/ripple" "^1.1.0"
    "@material/rtl" "^0.42.0"
    "@material/theme" "^1.1.0"
    "@material/typography" "^1.0.0"
    tslib "^1.9.3"

"@material/mwc-base@0.7.0", "@material/mwc-base@^0.6.0", "@material/mwc-base@^0.7.0":
  version "0.7.0"
  resolved "https://registry.yarnpkg.com/@material/mwc-base/-/mwc-base-0.7.0.tgz#c7469a469226baa60a209607714eb8770e5fc50f"
  integrity sha512-dOOWWOF4KQ0GEX5E3ZuUH1NNR5DGH8lc7zi3DDgjzbTFLB51q9h4xgEhPgi6wOBM3KZdfvs57+R8m4yuxZqgag==
  dependencies:
    "@material/base" "^3.0.0"
    "@material/dom" "^3.1.0"
    lit-element "^2.2.1"
    lit-html "^1.0.0"

"@material/mwc-formfield@^0.6.0":
  version "0.6.0"
  resolved "https://registry.yarnpkg.com/@material/mwc-formfield/-/mwc-formfield-0.6.0.tgz#8c22b36b730f40cad8d2d917e1b2de65e6d03273"
  integrity sha512-J5En/wloc8naR6ZkWvDjZkX4NC1skjqr0dAm9vH39UMcndioGkEX1GrvnUwWOAmeThwRBqxkfiqIdZUWjn3S0g==
  dependencies:
    "@material/form-field" "^1.0.0"
    "@material/mwc-base" "^0.6.0"

"@material/mwc-icon@^0.6.0":
  version "0.6.0"
  resolved "https://registry.yarnpkg.com/@material/mwc-icon/-/mwc-icon-0.6.0.tgz#67a71d95aa9a6d2379c5896673c2d0f1f2666e4e"
  integrity sha512-Pm4nalbSfsgMz0K8dRaE2tBsyiCozrlgh9iEtBvRdYV6IzPJacXjqsf8+2faW3lfmh4PRLQzVJ7Fldm+ljxzBA==
  dependencies:
    "@material/mwc-base" "^0.6.0"

"@material/mwc-ripple@^0.7.1":
  version "0.7.1"
  resolved "https://registry.yarnpkg.com/@material/mwc-ripple/-/mwc-ripple-0.7.1.tgz#5e8834d29f47530db70630c86ed5688beba4e0d4"
  integrity sha512-kp/SMcYgcO4Rp6t6QqHmdHokIjQtGo1wRzUWE+tZJ1tLzbGTaMM3NGyBD2HozGeJpr9ci+qSle/bZJ4TJ3FOLg==
  dependencies:
    "@material/dom" "^3.1.0"
    "@material/mwc-base" "^0.7.0"
    "@material/ripple" "^3.0.0"
    lit-html "^1.0.0"

"@material/ripple@^1.1.0", "@material/ripple@^3.0.0":
  version "3.2.0"
  resolved "https://registry.yarnpkg.com/@material/ripple/-/ripple-3.2.0.tgz#f4b714834b73b793b280024d4ebcca01018df3bd"
  integrity sha512-GtwkfNakALmfGLs6TpdFIVeAWjRqbyT7WfEw9aU7elUokABfHES+O0KoSKQSMQiSQ8Vjl90MONzNsN1Evi/1YQ==
  dependencies:
    "@material/animation" "^3.1.0"
    "@material/base" "^3.1.0"
    "@material/dom" "^3.1.0"
    "@material/feature-targeting" "^3.1.0"
    "@material/theme" "^3.1.0"
    tslib "^1.9.3"

"@material/rtl@^0.42.0":
  version "0.42.0"
  resolved "https://registry.yarnpkg.com/@material/rtl/-/rtl-0.42.0.tgz#1836e78186c2d8b996f6fbf97adab203535335bc"
  integrity sha512-VrnrKJzhmspsN8WXHuxxBZ69yM5IwhCUqWr1t1eNfw3ZEvEj7i1g3P31HGowKThIN1dc1Wh4LE14rCISWCtv5w==

"@material/theme@^1.1.0", "@material/theme@^3.1.0":
  version "3.1.0"
  resolved "https://registry.yarnpkg.com/@material/theme/-/theme-3.1.0.tgz#d31147bbc9e20bdaa3e322c9e898e4fc98807d8c"
  integrity sha512-N4JX+akOwg1faAvFvIEhDcwW4cZfUpwEn8lct6Vs3WczjLF6/KdIoLVaYh+eVl1bzfsoIuWvx56j0B1PjXZw9g==
  dependencies:
    "@material/feature-targeting" "^3.1.0"

"@material/typography@^1.0.0":
  version "1.0.0"
  resolved "https://registry.yarnpkg.com/@material/typography/-/typography-1.0.0.tgz#327ecfcac5ee3af8a3a102f3f125a761202f4189"
  integrity sha512-Oeqbjci1cC7jTE8/n3dwnkqKe9ZeWiaE+rgMtRYtRFw1HvAw14SpGA5EEAS/Li2Hu2KZ50FYCe3HYqShfxtChA==
  dependencies:
    "@material/feature-targeting" "^0.44.1"

"@polymer/font-roboto@^3.0.2":
  version "3.0.2"
  resolved "https://registry.yarnpkg.com/@polymer/font-roboto/-/font-roboto-3.0.2.tgz#80cdaa7225db2359130dfb2c6d9a3be1820020c3"
  integrity sha512-tx5TauYSmzsIvmSqepUPDYbs4/Ejz2XbZ1IkD7JEGqkdNUJlh+9KU85G56Tfdk/xjEZ8zorFfN09OSwiMrIQWA==

lit-element@^2.0.1, lit-element@^2.1.0, lit-element@^2.2.0, lit-element@^2.2.1:
  version "2.2.1"
  resolved "https://registry.yarnpkg.com/lit-element/-/lit-element-2.2.1.tgz#79c94d8cfdc2d73b245656e37991bd1e4811d96f"
  integrity sha512-ipDcgQ1EpW6Va2Z6dWm79jYdimVepO5GL0eYkZrFvdr0OD/1N260Q9DH+K5HXHFrRoC7dOg+ZpED2XE0TgGdXw==
  dependencies:
    lit-html "^1.0.0"

lit-html@^1.0.0:
  version "1.1.2"
  resolved "https://registry.yarnpkg.com/lit-html/-/lit-html-1.1.2.tgz#2e3560a7075210243649c888ad738eaf0daa8374"
  integrity sha512-FFlUMKHKi+qG1x1iHNZ1hrtc/zHmfYTyrSvs3/wBTvaNtpZjOZGWzU7efGYVpgp6KvWeKF6ql9/KsCq6Z/mEDA==

lodash-es@^4.17.15:
  version "4.17.15"
  resolved "https://registry.yarnpkg.com/lodash-es/-/lodash-es-4.17.15.tgz#21bd96839354412f23d7a10340e5eac6ee455d78"
  integrity sha512-rlrc3yU3+JNOpZ9zj5pQtxnx2THmvRykwL4Xlxoa8I9lHBlVbbyPhgyPMioxVZ4NqyxaVVtaJnzsyOidQIhyyQ==

tslib@^1.9.3:
  version "1.10.0"
  resolved "https://registry.yarnpkg.com/tslib/-/tslib-1.10.0.tgz#c3c19f95973fb0a62973fb09d90d961ee43e5c8a"
  integrity sha512-qOebF53frne81cf0S9B41ByenJ3/IuH8yJKngAX35CmiZySA0khhkovshKK+jGCaMnVomla7gVlIcc3EvKPbTQ==
